{
  "name": "vanilla-redux",
  "version": "1.0.0",
  "lockfileVersion": 3,
  "requires": true,
  "packages": {
    "": {
      "name": "vanilla-redux",
      "version": "1.0.0",
      "license": "ISC",
      "dependencies": {
        "98.css": "^0.1.20",
        "redux": "^5.0.1"
      }
    },
    "node_modules/98.css": {
      "version": "0.1.20",
      "resolved": "https://registry.npmjs.org/98.css/-/98.css-0.1.20.tgz",
      "integrity": "sha512-9oM+AZMfxG59Zz+bnAjIxAX2AKnBPkEJjf84ATto0wUNdRPxV+jhov1rHKe/wl6D0giuWwY603RxwrVVG4v2sA=="
    },
    "node_modules/redux": {
      "version": "5.0.1",
      "resolved": "https://registry.npmjs.org/redux/-/redux-5.0.1.tgz",
      "integrity": "sha512-M9/ELqF6fy8FwmkpnF0S3YKOqMyoWJ4+CS5Efg2ct3oY9daQvd/Pc71FpGZsVsbl3Cpb+IIcjBDUnnyBdQbq4w=="
    }
  }
}
